
Microsoft Visual Studio Solution File, Format Version 12.00
# Visual Studio Version 16
VisualStudioVersion = 16.0.29613.14
MinimumVisualStudioVersion = 10.0.40219.1
Project("{9A19103F-16F7-4668-BE54-9A1E7A4F7556}") = "SampleDataSaver", "SampleDataSaver.csproj", "{34BBE867-A718-49EA-9FC9-7993A1510C8A}"
EndProject
Project("{9A19103F-16F7-4668-BE54-9A1E7A4F7556}") = "ServiceLibrary", "..\ServiceLibrary\ServiceLibrary.csproj", "{692B67B1-98A0-4769-990B-C028CBA221F3}"
EndProject
Project("{9A19103F-16F7-4668-BE54-9A1E7A4F7556}") = "DAL", "..\DAL\DAL.csproj", "{C5EDA378-B26E-4428-9080-697974C68282}"
EndProject
Project("{9A19103F-16F7-4668-BE54-9A1E7A4F7556}") = "ServiceContracts", "..\ServiceContracts\ServiceContracts.csproj", "{3BE7D5DA-3BF3-4E9A-BB95-70F63C3D6F5B}"
EndProject
Project("{9A19103F-16F7-4668-BE54-9A1E7A4F7556}") = "Infrastructure.Seedwork", "..\infrastructure\Infrastructure.Seedwork\Infrastructure.Seedwork.csproj", "{395CFF93-DB8F-4FAB-8D64-E018E8106FD9}"
EndProject
Project("{9A19103F-16F7-4668-BE54-9A1E7A4F7556}") = "Infrastructure.DI.StructureMap", "..\infrastructure\Infrastructure.DI.StructureMap\Infrastructure.DI.StructureMap.csproj", "{0A9ACA75-5205-40A4-AD31-4E5E1982F1C2}"
EndProject
Project("{9A19103F-16F7-4668-BE54-9A1E7A4F7556}") = "Infrastructure.Security", "..\infrastructure\Infrastructure.Security\Infrastructure.Security.csproj", "{1479BD58-C368-4D97-AE62-3CA161C09A5D}"
EndProject
Global
	GlobalSection(SolutionConfigurationPlatforms) = preSolution
		Debug|Any CPU = Debug|Any CPU
		Release|Any CPU = Release|Any CPU
	EndGlobalSection
	GlobalSection(ProjectConfigurationPlatforms) = postSolution
		{34BBE867-A718-49EA-9FC9-7993A1510C8A}.Debug|Any CPU.ActiveCfg = Debug|Any CPU
		{34BBE867-A718-49EA-9FC9-7993A1510C8A}.Debug|Any CPU.Build.0 = Debug|Any CPU
		{34BBE867-A718-49EA-9FC9-7993A1510C8A}.Release|Any CPU.ActiveCfg = Release|Any CPU
		{34BBE867-A718-49EA-9FC9-7993A1510C8A}.Release|Any CPU.Build.0 = Release|Any CPU
		{692B67B1-98A0-4769-990B-C028CBA221F3}.Debug|Any CPU.ActiveCfg = Debug|Any CPU
		{692B67B1-98A0-4769-990B-C028CBA221F3}.Debug|Any CPU.Build.0 = Debug|Any CPU
		{692B67B1-98A0-4769-990B-C028CBA221F3}.Release|Any CPU.ActiveCfg = Release|Any CPU
		{692B67B1-98A0-4769-990B-C028CBA221F3}.Release|Any CPU.Build.0 = Release|Any CPU
		{C5EDA378-B26E-4428-9080-697974C68282}.Debug|Any CPU.ActiveCfg = Debug|Any CPU
		{C5EDA378-B26E-4428-9080-697974C68282}.Debug|Any CPU.Build.0 = Debug|Any CPU
		{C5EDA378-B26E-4428-9080-697974C68282}.Release|Any CPU.ActiveCfg = Release|Any CPU
		{C5EDA378-B26E-4428-9080-697974C68282}.Release|Any CPU.Build.0 = Release|Any CPU
		{3BE7D5DA-3BF3-4E9A-BB95-70F63C3D6F5B}.Debug|Any CPU.ActiveCfg = Debug|Any CPU
		{3BE7D5DA-3BF3-4E9A-BB95-70F63C3D6F5B}.Debug|Any CPU.Build.0 = Debug|Any CPU
		{3BE7D5DA-3BF3-4E9A-BB95-70F63C3D6F5B}.Release|Any CPU.ActiveCfg = Release|Any CPU
		{3BE7D5DA-3BF3-4E9A-BB95-70F63C3D6F5B}.Release|Any CPU.Build.0 = Release|Any CPU
		{395CFF93-DB8F-4FAB-8D64-E018E8106FD9}.Debug|Any CPU.ActiveCfg = Debug|Any CPU
		{395CFF93-DB8F-4FAB-8D64-E018E8106FD9}.Debug|Any CPU.Build.0 = Debug|Any CPU
		{395CFF93-DB8F-4FAB-8D64-E018E8106FD9}.Release|Any CPU.ActiveCfg = Release|Any CPU
		{395CFF93-DB8F-4FAB-8D64-E018E8106FD9}.Release|Any CPU.Build.0 = Release|Any CPU
		{0A9ACA75-5205-40A4-AD31-4E5E1982F1C2}.Debug|Any CPU.ActiveCfg = Debug|Any CPU
		{0A9ACA75-5205-40A4-AD31-4E5E1982F1C2}.Debug|Any CPU.Build.0 = Debug|Any CPU
		{0A9ACA75-5205-40A4-AD31-4E5E1982F1C2}.Release|Any CPU.ActiveCfg = Release|Any CPU
		{0A9ACA75-5205-40A4-AD31-4E5E1982F1C2}.Release|Any CPU.Build.0 = Release|Any CPU
		{1479BD58-C368-4D97-AE62-3CA161C09A5D}.Debug|Any CPU.ActiveCfg = Debug|Any CPU
		{1479BD58-C368-4D97-AE62-3CA161C09A5D}.Debug|Any CPU.Build.0 = Debug|Any CPU
		{1479BD58-C368-4D97-AE62-3CA161C09A5D}.Release|Any CPU.ActiveCfg = Release|Any CPU
		{1479BD58-C368-4D97-AE62-3CA161C09A5D}.Release|Any CPU.Build.0 = Release|Any CPU
	EndGlobalSection
	GlobalSection(SolutionProperties) = preSolution
		HideSolutionNode = FALSE
	EndGlobalSection
	GlobalSection(ExtensibilityGlobals) = postSolution
		SolutionGuid = {6BC14A01-6680-459F-BDCE-A77F19E6BE76}
	EndGlobalSection
EndGlobal
